
Microsoft Visual Studio Solution File, Format Version 12.00
# Visual Studio Version 16
VisualStudioVersion = 16.0.28729.10
MinimumVisualStudioVersion = 10.0.40219.1
Project("{FAE04EC0-301F-11D3-BF4B-00C04F79EFBC}") = "Aile", "Aile\Aile.csproj", "{DC632B5E-4739-4655-8D52-3D6B273A4FA4}"
EndProject
Global
	GlobalSection(SolutionConfigurationPlatforms) = preSolution
		Debug|Any CPU = Debug|Any CPU
		Release|Any CPU = Release|Any CPU
	EndGlobalSection
	GlobalSection(ProjectConfigurationPlatforms) = postSolution
		{DC632B5E-4739-4655-8D52-3D6B273A4FA4}.Debug|Any CPU.ActiveCfg = Debug|Any CPU
		{DC632B5E-4739-4655-8D52-3D6B273A4FA4}.Debug|Any CPU.Build.0 = Debug|Any CPU
		{DC632B5E-4739-4655-8D52-3D6B273A4FA4}.Release|Any CPU.ActiveCfg = Release|Any CPU
		{DC632B5E-4739-4655-8D52-3D6B273A4FA4}.Release|Any CPU.Build.0 = Release|Any CPU
	EndGlobalSection
	GlobalSection(SolutionProperties) = preSolution
		HideSolutionNode = FALSE
	EndGlobalSection
	GlobalSection(ExtensibilityGlobals) = postSolution
		SolutionGuid = {B87ED05D-2095-4164-8C09-1A618C48E3BF}
	EndGlobalSection
EndGlobal
